
Microsoft Visual Studio Solution File, Format Version 12.00
# Visual Studio Version 17
VisualStudioVersion = 17.14.36121.58 d17.14
MinimumVisualStudioVersion = 10.0.40219.1
Project("{FAE04EC0-301F-11D3-BF4B-00C04F79EFBC}") = "CargoTrackingSystem", "CargoTrackingSystem\CargoTrackingSystem.csproj", "{FE96CA70-76DA-4ED5-99A3-7113551D916A}"
EndProject
Global
	GlobalSection(SolutionConfigurationPlatforms) = preSolution
		Debug|Any CPU = Debug|Any CPU
		Release|Any CPU = Release|Any CPU
	EndGlobalSection
	GlobalSection(ProjectConfigurationPlatforms) = postSolution
		{FE96CA70-76DA-4ED5-99A3-7113551D916A}.Debug|Any CPU.ActiveCfg = Debug|Any CPU
		{FE96CA70-76DA-4ED5-99A3-7113551D916A}.Debug|Any CPU.Build.0 = Debug|Any CPU
		{FE96CA70-76DA-4ED5-99A3-7113551D916A}.Release|Any CPU.ActiveCfg = Release|Any CPU
		{FE96CA70-76DA-4ED5-99A3-7113551D916A}.Release|Any CPU.Build.0 = Release|Any CPU
	EndGlobalSection
	GlobalSection(SolutionProperties) = preSolution
		HideSolutionNode = FALSE
	EndGlobalSection
	GlobalSection(ExtensibilityGlobals) = postSolution
		SolutionGuid = {9A18F9D1-D43C-4BB5-8D40-A664A695A418}
	EndGlobalSection
EndGlobal
